
Microsoft Visual Studio Solution File, Format Version 12.00
# Visual Studio Version 17
VisualStudioVersion = 17.4.33403.182
MinimumVisualStudioVersion = 10.0.40219.1
Project("{FAE04EC0-301F-11D3-BF4B-00C04F79EFBC}") = "RazorPagesMovie", "RazorPagesMovie.csproj", "{B9A6D62D-1F30-40EE-ABA6-71E28516C5CA}"
EndProject
Global
	GlobalSection(SolutionConfigurationPlatforms) = preSolution
		Debug|Any CPU = Debug|Any CPU
		Release|Any CPU = Release|Any CPU
	EndGlobalSection
	GlobalSection(ProjectConfigurationPlatforms) = postSolution
		{B9A6D62D-1F30-40EE-ABA6-71E28516C5CA}.Debug|Any CPU.ActiveCfg = Debug|Any CPU
		{B9A6D62D-1F30-40EE-ABA6-71E28516C5CA}.Debug|Any CPU.Build.0 = Debug|Any CPU
		{B9A6D62D-1F30-40EE-ABA6-71E28516C5CA}.Release|Any CPU.ActiveCfg = Release|Any CPU
		{B9A6D62D-1F30-40EE-ABA6-71E28516C5CA}.Release|Any CPU.Build.0 = Release|Any CPU
	EndGlobalSection
	GlobalSection(SolutionProperties) = preSolution
		HideSolutionNode = FALSE
	EndGlobalSection
	GlobalSection(ExtensibilityGlobals) = postSolution
		SolutionGuid = {2D6431A2-1A74-4A5E-B66E-D127D61D683F}
	EndGlobalSection
EndGlobal
